{
  "name": "blur_admin",
  "version": "1.3.1",
  "lockfileVersion": 1,
  "requires": true,
  "dependencies": {
    "browser-sync": {
      "version": "2.18.12",
      "resolved": "https://registry.npmjs.org/browser-sync/-/browser-sync-2.18.12.tgz",
      "integrity": "sha1-u6oKF6lh4rXwqOdg5pUCcYZmR3k=",
      "dev": true
    },
    "browser-sync-spa": {
      "version": "1.0.3",
      "resolved": "https://registry.npmjs.org/browser-sync-spa/-/browser-sync-spa-1.0.3.tgz",
      "integrity": "sha1-SV9DfkJl5PBmSmdVeb1uToHJz54=",
      "dev": true,
      "dependencies": {
        "connect-history-api-fallback": {
          "version": "0.0.5",
          "resolved": "https://registry.npmjs.org/connect-history-api-fallback/-/connect-history-api-fallback-0.0.5.tgz",
          "integrity": "sha1-7wUJ0AQL+8SG6rX39QC7F2nPNUo="
        }
      }
    },
    "chalk": {
      "version": "1.1.3",
      "resolved": "https://registry.npmjs.org/chalk/-/chalk-1.1.3.tgz",
      "integrity": "sha1-qBFcVeSnAv5NFQq9OHKCKn4J/Jg=",
      "dev": true
    },
    "del": {
      "version": "2.2.2",
      "resolved": "https://registry.npmjs.org/del/-/del-2.2.2.tgz",
      "integrity": "sha1-wSyYHQZ4RshLyvhiz/kw2Qf/0ag=",
      "dev": true
    },
    "dev-ip": {
      "version": "1.0.1",
      "resolved": "https://registry.npmjs.org/dev-ip/-/dev-ip-1.0.1.tgz",
      "integrity": "sha1-p2o+0YVb56ASu4rBbLgPPADcKPA="
    },
    "eslint-plugin-angular": {
      "version": "0.12.0",
      "resolved": "https://registry.npmjs.org/eslint-plugin-angular/-/eslint-plugin-angular-0.12.0.tgz",
      "integrity": "sha1-LWLoCoDZIf/wNzV8rmyw6dDgQ94=",
      "dev": true
    },
    "estraverse": {
      "version": "4.2.0",
      "resolved": "https://registry.npmjs.org/estraverse/-/estraverse-4.2.0.tgz",
      "integrity": "sha1-De4/7TH81GlhjOc0IJn8GvoL2xM=",
      "dev": true
    },
    "gulp": {
      "version": "3.9.1",
      "resolved": "https://registry.npmjs.org/gulp/-/gulp-3.9.1.tgz",
      "integrity": "sha1-VxzkWSjdQK9lFPxAEYZgFsE4RbQ=",
      "dev": true,
      "dependencies": {
        "semver": {
          "version": "4.3.6",
          "resolved": "https://registry.npmjs.org/semver/-/semver-4.3.6.tgz",
          "integrity": "sha1-MAvG4OhjdPe6YQaLWx7NV/xlMto="
        }
      }
    },
    "gulp-angular-filesort": {
      "version": "1.1.1",
      "resolved": "https://registry.npmjs.org/gulp-angular-filesort/-/gulp-angular-filesort-1.1.1.tgz",
      "integrity": "sha1-oIz/WtWzoYVU8wtNTl2IlScsskI=",
      "dev": true
    },
    "gulp-angular-templatecache": {
      "version": "2.0.0",
      "resolved": "https://registry.npmjs.org/gulp-angular-templatecache/-/gulp-angular-templatecache-2.0.0.tgz",
      "integrity": "sha1-KbQHHuVXRIHAaaFivOiWdTTxcVU=",
      "dev": true,
      "dependencies": {
        "dateformat": {
          "version": "1.0.12",
          "resolved": "https://registry.npmjs.org/dateformat/-/dateformat-1.0.12.tgz",
          "integrity": "sha1-nxJLZ1lMk3/3BpMuSmQsyo27/uk="
        },
        "event-stream": {
          "version": "3.3.2",
          "resolved": "https://registry.npmjs.org/event-stream/-/event-stream-3.3.2.tgz",
          "integrity": "sha1-PMMQ/rHyjS9isqCF1zap71ZjeLg="
        },
        "gulp-util": {
          "version": "3.0.7",
          "resolved": "https://registry.npmjs.org/gulp-util/-/gulp-util-3.0.7.tgz",
          "integrity": "sha1-eJJcS4+LSQBawBoBHFV+YhiUHLs="
        },
        "object-assign": {
          "version": "3.0.0",
          "resolved": "https://registry.npmjs.org/object-assign/-/object-assign-3.0.0.tgz",
          "integrity": "sha1-m+3VygiXlJvKR+f/QIBi1Un1h/I="
        }
      }
    },
    "gulp-autoprefixer": {
      "version": "3.1.1",
      "resolved": "https://registry.npmjs.org/gulp-autoprefixer/-/gulp-autoprefixer-3.1.1.tgz",
      "integrity": "sha1-dSMAUc0NFxND14O36bXREg7u+bA=",
      "dev": true
    },
    "gulp-eslint": {
      "version": "1.0.0",
      "resolved": "https://registry.npmjs.org/gulp-eslint/-/gulp-eslint-1.0.0.tgz",
      "integrity": "sha1-5YSbRHedD66B+U3N8Q7L7deNC8Y=",
      "dev": true,
      "dependencies": {
        "object-assign": {
          "version": "3.0.0",
          "resolved": "https://registry.npmjs.org/object-assign/-/object-assign-3.0.0.tgz",
          "integrity": "sha1-m+3VygiXlJvKR+f/QIBi1Un1h/I="
        }
      }
    },
    "gulp-filter": {
      "version": "4.0.0",
      "resolved": "https://registry.npmjs.org/gulp-filter/-/gulp-filter-4.0.0.tgz",
      "integrity": "sha1-OV9YolbFWc254NFX8cqvUkijjcs=",
      "dev": true
    },
    "gulp-flatten": {
      "version": "0.3.1",
      "resolved": "https://registry.npmjs.org/gulp-flatten/-/gulp-flatten-0.3.1.tgz",
      "integrity": "sha1-Uef+wTozxARXjRjBWJ0bW8Rf4dY=",
      "dev": true
    },
    "gulp-gh-pages": {
      "version": "0.5.4",
      "resolved": "https://registry.npmjs.org/gulp-gh-pages/-/gulp-gh-pages-0.5.4.tgz",
      "integrity": "sha1-pnMspHWrm1pTJTwcJHNMQMIbZUY=",
      "dev": true,
      "dependencies": {
        "glob": {
          "version": "5.0.15",
          "resolved": "https://registry.npmjs.org/glob/-/glob-5.0.15.tgz",
          "integrity": "sha1-G8k2ueAvSmA/zCIuz3Yz0wuLk7E="
        },
        "glob-parent": {
          "version": "3.1.0",
          "resolved": "https://registry.npmjs.org/glob-parent/-/glob-parent-3.1.0.tgz",
          "integrity": "sha1-nmr2KZ2NO9K9QEMIMr0RPfkGxa4="
        },
        "glob-stream": {
          "version": "5.3.5",
          "resolved": "https://registry.npmjs.org/glob-stream/-/glob-stream-5.3.5.tgz",
          "integrity": "sha1-pVZlqajM3EGRWofHAeMtTgFvrSI=",
          "dependencies": {
            "readable-stream": {
              "version": "1.0.34",
              "resolved": "https://registry.npmjs.org/readable-stream/-/readable-stream-1.0.34.tgz",
              "integrity": "sha1-Elgg40vIQtLyqq+v5MKRbuMsFXw="
            },
            "through2": {
              "version": "0.6.5",
              "resolved": "https://registry.npmjs.org/through2/-/through2-0.6.5.tgz",
              "integrity": "sha1-QaucZ7KdVyCQcUEOHXp6lozTrUg="
            }
          }
        },
        "is-extglob": {
          "version": "2.1.1",
          "resolved": "https://registry.npmjs.org/is-extglob/-/is-extglob-2.1.1.tgz",
          "integrity": "sha1-qIwCU1eR8C7TfHahueqXc8gz+MI="
        },
        "is-glob": {
          "version": "3.1.0",
          "resolved": "https://registry.npmjs.org/is-glob/-/is-glob-3.1.0.tgz",
          "integrity": "sha1-e6WuJCF4BKxwcHuWkiVnSGzD6Eo="
        },
        "isarray": {
          "version": "0.0.1",
          "resolved": "https://registry.npmjs.org/isarray/-/isarray-0.0.1.tgz",
          "integrity": "sha1-ihis/Kmo9Bd+Cav8YDiTmwXR7t8="
        },
        "minimist": {
          "version": "0.0.8",
          "resolved": "https://registry.npmjs.org/minimist/-/minimist-0.0.8.tgz",
          "integrity": "sha1-hX/Kv8M5fSYluCKCYuhqp6ARsF0="
        },
        "mkdirp": {
          "version": "0.5.1",
          "resolved": "https://registry.npmjs.org/mkdirp/-/mkdirp-0.5.1.tgz",
          "integrity": "sha1-MAV0OOrGz3+MR2fzhkjWaX11yQM="
        },
        "ordered-read-streams": {
          "version": "0.3.0",
          "resolved": "https://registry.npmjs.org/ordered-read-streams/-/ordered-read-streams-0.3.0.tgz",
          "integrity": "sha1-cTfmmzKYuzQiR6G77jiByA4v14s="
        },
        "string_decoder": {
          "version": "0.10.31",
          "resolved": "https://registry.npmjs.org/string_decoder/-/string_decoder-0.10.31.tgz",
          "integrity": "sha1-YuIDvEF2bGwoyfyEMB2rHFMQ+pQ="
        },
        "unique-stream": {
          "version": "2.2.1",
          "resolved": "https://registry.npmjs.org/unique-stream/-/unique-stream-2.2.1.tgz",
          "integrity": "sha1-WqADz76Uxf+GbE59ZouxxNuts2k="
        },
        "vinyl": {
          "version": "1.2.0",
          "resolved": "https://registry.npmjs.org/vinyl/-/vinyl-1.2.0.tgz",
          "integrity": "sha1-XIgDbPVl5d8FVYv8kR+GVt8hiIQ="
        },
        "vinyl-fs": {
          "version": "2.4.4",
          "resolved": "https://registry.npmjs.org/vinyl-fs/-/vinyl-fs-2.4.4.tgz",
          "integrity": "sha1-vm/zJwy1Xf19MGNkDegfJddTIjk="
        }
      }
    },
    "gulp-inject": {
      "version": "4.1.0",
      "resolved": "https://registry.npmjs.org/gulp-inject/-/gulp-inject-4.1.0.tgz",
      "integrity": "sha1-z+0E84S1E9SzFFj/zmuTSRSg0zs=",
      "dev": true
    },
    "gulp-load-plugins": {
      "version": "1.4.0",
      "resolved": "https://registry.npmjs.org/gulp-load-plugins/-/gulp-load-plugins-1.4.0.tgz",
      "integrity": "sha1-gvqwNxXs8YOKlY7GQ6TXQnTd/s4=",
      "dev": true
    },
    "gulp-minify-css": {
      "version": "1.2.4",
      "resolved": "https://registry.npmjs.org/gulp-minify-css/-/gulp-minify-css-1.2.4.tgz",
      "integrity": "sha1-thZJV2Auon+eWtiCJ2ld0gV3jAY=",
      "dev": true
    },
    "gulp-minify-html": {
      "version": "1.0.6",
      "resolved": "https://registry.npmjs.org/gulp-minify-html/-/gulp-minify-html-1.0.6.tgz",
      "integrity": "sha1-+Ufz8TlHW74bCP/+cUxHKfH/Bwo=",
      "dev": true,
      "dependencies": {
        "isarray": {
          "version": "0.0.1",
          "resolved": "https://registry.npmjs.org/isarray/-/isarray-0.0.1.tgz",
          "integrity": "sha1-ihis/Kmo9Bd+Cav8YDiTmwXR7t8="
        },
        "readable-stream": {
          "version": "1.0.34",
          "resolved": "https://registry.npmjs.org/readable-stream/-/readable-stream-1.0.34.tgz",
          "integrity": "sha1-Elgg40vIQtLyqq+v5MKRbuMsFXw="
        },
        "string_decoder": {
          "version": "0.10.31",
          "resolved": "https://registry.npmjs.org/string_decoder/-/string_decoder-0.10.31.tgz",
          "integrity": "sha1-YuIDvEF2bGwoyfyEMB2rHFMQ+pQ="
        },
        "through2": {
          "version": "0.6.5",
          "resolved": "https://registry.npmjs.org/through2/-/through2-0.6.5.tgz",
          "integrity": "sha1-QaucZ7KdVyCQcUEOHXp6lozTrUg="
        }
      }
    },
    "gulp-ng-annotate": {
      "version": "2.0.0",
      "resolved": "https://registry.npmjs.org/gulp-ng-annotate/-/gulp-ng-annotate-2.0.0.tgz",
      "integrity": "sha1-hKg9sfAWUgvXD5pc+p8/6J4logU=",
      "dev": true,
      "dependencies": {
        "bufferstreams": {
          "version": "1.1.1",
          "resolved": "https://registry.npmjs.org/bufferstreams/-/bufferstreams-1.1.1.tgz",
          "integrity": "sha1-AWE3MGCsWYjv+ZBYcxEU9uGV1R4="
        }
      }
    },
    "gulp-prompt": {
      "version": "0.2.0",
      "resolved": "https://registry.npmjs.org/gulp-prompt/-/gulp-prompt-0.2.0.tgz",
      "integrity": "sha1-l2DJC72H6AAigzDrrHTWWcwt23g=",
      "dev": true,
      "dependencies": {
        "event-stream": {
          "version": "3.0.20",
          "resolved": "https://registry.npmjs.org/event-stream/-/event-stream-3.0.20.tgz",
          "integrity": "sha1-A4u7LqnqkDhbJvvBhU0LU58qvqM="
        },
        "inquirer": {
          "version": "0.10.1",
          "resolved": "https://registry.npmjs.org/inquirer/-/inquirer-0.10.1.tgz",
          "integrity": "sha1-6iXkzmnKFF4FyZ5G3P7AXkASWUo="
        },
        "lodash": {
          "version": "3.10.1",
          "resolved": "https://registry.npmjs.org/lodash/-/lodash-3.10.1.tgz",
          "integrity": "sha1-W/Rejkm6QYnhfUgnid/RW9FAt7Y="
        },
        "map-stream": {
          "version": "0.0.7",
          "resolved": "https://registry.npmjs.org/map-stream/-/map-stream-0.0.7.tgz",
          "integrity": "sha1-ih8HiW2CsQkmvTdEokIACfiJdKg="
        },
        "split": {
          "version": "0.2.10",
          "resolved": "https://registry.npmjs.org/split/-/split-0.2.10.tgz",
          "integrity": "sha1-Zwl8YB1pfOE2j0GPBs0gHPBSGlc="
        }
      }
    },
    "gulp-protractor": {
      "version": "3.0.0",
      "resolved": "https://registry.npmjs.org/gulp-protractor/-/gulp-protractor-3.0.0.tgz",
      "integrity": "sha1-GRQwF2E8OTGa114H/VLXCpHMLZY=",
      "dev": true
    },
    "gulp-rename": {
      "version": "1.2.2",
      "resolved": "https://registry.npmjs.org/gulp-rename/-/gulp-rename-1.2.2.tgz",
      "integrity": "sha1-OtRCh2PwXidk3sHGfYaNsnVoeBc=",
      "dev": true
    },
    "gulp-replace": {
      "version": "0.5.4",
      "resolved": "https://registry.npmjs.org/gulp-replace/-/gulp-replace-0.5.4.tgz",
      "integrity": "sha1-aaZ5FLvRPFYr/xT1BKQDeWqg2qk=",
      "dev": true
    },
    "gulp-rev": {
      "version": "7.1.2",
      "resolved": "https://registry.npmjs.org/gulp-rev/-/gulp-rev-7.1.2.tgz",
      "integrity": "sha1-XhfMIp9rRcdCVviK0/LT6aMwWCk=",
      "dev": true
    },
    "gulp-rev-replace": {
      "version": "0.4.3",
      "resolved": "https://registry.npmjs.org/gulp-rev-replace/-/gulp-rev-replace-0.4.3.tgz",
      "integrity": "sha1-crUYSPXwk61Ld7HSQRCB63is1G4=",
      "dev": true
    },
    "gulp-sass": {
      "version": "2.3.2",
      "resolved": "https://registry.npmjs.org/gulp-sass/-/gulp-sass-2.3.2.tgz",
      "integrity": "sha1-grerkP6QLNw0wE8YDZLyw0kC3VI=",
      "dev": true,
      "dependencies": {
        "lodash.clonedeep": {
          "version": "4.5.0",
          "resolved": "https://registry.npmjs.org/lodash.clonedeep/-/lodash.clonedeep-4.5.0.tgz",
          "integrity": "sha1-4j8/nE+Pvd6HJSnBBxhXoIblzO8="
        }
      }
    },
    "gulp-shell": {
      "version": "0.5.2",
      "resolved": "https://registry.npmjs.org/gulp-shell/-/gulp-shell-0.5.2.tgz",
      "integrity": "sha1-pJWcoGUa0ce7/nCy0K27tOGuqY0=",
      "dev": true
    },
    "gulp-size": {
      "version": "2.1.0",
      "resolved": "https://registry.npmjs.org/gulp-size/-/gulp-size-2.1.0.tgz",
      "integrity": "sha1-HCtk8X+QcdWr2Z0VS3s0gfj7oSg=",
      "dev": true
    },
    "gulp-sourcemaps": {
      "version": "1.6.0",
      "resolved": "https://registry.npmjs.org/gulp-sourcemaps/-/gulp-sourcemaps-1.6.0.tgz",
      "integrity": "sha1-uG/zSdgBzrVuHZ59x7vLS33uYAw=",
      "dev": true,
      "dependencies": {
        "vinyl": {
          "version": "1.2.0",
          "resolved": "https://registry.npmjs.org/vinyl/-/vinyl-1.2.0.tgz",
          "integrity": "sha1-XIgDbPVl5d8FVYv8kR+GVt8hiIQ="
        }
      }
    },
    "gulp-uglify": {
      "version": "2.0.1",
      "resolved": "https://registry.npmjs.org/gulp-uglify/-/gulp-uglify-2.0.1.tgz",
      "integrity": "sha1-6M+4MQFPyf8uBV4zeFhhgw1Jk2U=",
      "dev": true,
      "dependencies": {
        "async": {
          "version": "0.2.10",
          "resolved": "https://registry.npmjs.org/async/-/async-0.2.10.tgz",
          "integrity": "sha1-trvgsGdLnXGXCMo43owjfLUmw9E="
        },
        "cliui": {
          "version": "2.1.0",
          "resolved": "https://registry.npmjs.org/cliui/-/cliui-2.1.0.tgz",
          "integrity": "sha1-S0dXYP+AJkx2LDoXGQMukcf+oNE="
        },
        "uglify-js": {
          "version": "2.7.5",
          "resolved": "https://registry.npmjs.org/uglify-js/-/uglify-js-2.7.5.tgz",
          "integrity": "sha1-RhLAx7qu4rp8SH3kkErhIgefLKg="
        },
        "window-size": {
          "version": "0.1.0",
          "resolved": "https://registry.npmjs.org/window-size/-/window-size-0.1.0.tgz",
          "integrity": "sha1-VDjNLqk7IC76Ohn+iIeu58lPnJ0="
        },
        "wordwrap": {
          "version": "0.0.2",
          "resolved": "https://registry.npmjs.org/wordwrap/-/wordwrap-0.0.2.tgz",
          "integrity": "sha1-t5Zpu0LstAn4PVg8rVLKF+qhZD8="
        },
        "yargs": {
          "version": "3.10.0",
          "resolved": "https://registry.npmjs.org/yargs/-/yargs-3.10.0.tgz",
          "integrity": "sha1-9+572FfdfB0tOMDnTvvWgdFDH9E="
        }
      }
    },
    "gulp-useref": {
      "version": "1.3.0",
      "resolved": "https://registry.npmjs.org/gulp-useref/-/gulp-useref-1.3.0.tgz",
      "integrity": "sha1-s/RpLxVrVCEApFfhrBzsT2znYP4=",
      "dev": true,
      "dependencies": {
        "clone": {
          "version": "0.2.0",
          "resolved": "https://registry.npmjs.org/clone/-/clone-0.2.0.tgz",
          "integrity": "sha1-xhJqkK1Pctv1rNskPMN3JP6T/B8="
        },
        "glob": {
          "version": "4.5.3",
          "resolved": "https://registry.npmjs.org/glob/-/glob-4.5.3.tgz",
          "integrity": "sha1-xstz0yJsHv7wTePFbQEvAzd+4V8="
        },
        "glob-stream": {
          "version": "4.1.1",
          "resolved": "https://registry.npmjs.org/glob-stream/-/glob-stream-4.1.1.tgz",
          "integrity": "sha1-uELfENaIx+trz869hG84UilrMgA="
        },
        "glob-watcher": {
          "version": "0.0.8",
          "resolved": "https://registry.npmjs.org/glob-watcher/-/glob-watcher-0.0.8.tgz",
          "integrity": "sha1-aK62Yefizo02NDgbLsQV8AxrwqQ="
        },
        "graceful-fs": {
          "version": "3.0.11",
          "resolved": "https://registry.npmjs.org/graceful-fs/-/graceful-fs-3.0.11.tgz",
          "integrity": "sha1-dhPHeKGv6mLyXGMKCG1/Osu92Bg="
        },
        "isarray": {
          "version": "0.0.1",
          "resolved": "https://registry.npmjs.org/isarray/-/isarray-0.0.1.tgz",
          "integrity": "sha1-ihis/Kmo9Bd+Cav8YDiTmwXR7t8="
        },
        "lodash": {
          "version": "3.10.1",
          "resolved": "https://registry.npmjs.org/lodash/-/lodash-3.10.1.tgz",
          "integrity": "sha1-W/Rejkm6QYnhfUgnid/RW9FAt7Y="
        },
        "merge-stream": {
          "version": "0.1.8",
          "resolved": "https://registry.npmjs.org/merge-stream/-/merge-stream-0.1.8.tgz",
          "integrity": "sha1-SKB7O0oSHXSj7b/c20sIrb8CQLE="
        },
        "minimatch": {
          "version": "2.0.10",
          "resolved": "https://registry.npmjs.org/minimatch/-/minimatch-2.0.10.tgz",
          "integrity": "sha1-jQh8OcazjAAbl/ynzm0OHoCvusc="
        },
        "minimist": {
          "version": "0.0.8",
          "resolved": "https://registry.npmjs.org/minimist/-/minimist-0.0.8.tgz",
          "integrity": "sha1-hX/Kv8M5fSYluCKCYuhqp6ARsF0="
        },
        "mkdirp": {
          "version": "0.5.1",
          "resolved": "https://registry.npmjs.org/mkdirp/-/mkdirp-0.5.1.tgz",
          "integrity": "sha1-MAV0OOrGz3+MR2fzhkjWaX11yQM="
        },
        "object-assign": {
          "version": "2.1.1",
          "resolved": "https://registry.npmjs.org/object-assign/-/object-assign-2.1.1.tgz",
          "integrity": "sha1-Q8NuXVaf+OSBbE76i+AtJpZ8GKo="
        },
        "readable-stream": {
          "version": "1.0.34",
          "resolved": "https://registry.npmjs.org/readable-stream/-/readable-stream-1.0.34.tgz",
          "integrity": "sha1-Elgg40vIQtLyqq+v5MKRbuMsFXw="
        },
        "string_decoder": {
          "version": "0.10.31",
          "resolved": "https://registry.npmjs.org/string_decoder/-/string_decoder-0.10.31.tgz",
          "integrity": "sha1-YuIDvEF2bGwoyfyEMB2rHFMQ+pQ="
        },
        "strip-bom": {
          "version": "1.0.0",
          "resolved": "https://registry.npmjs.org/strip-bom/-/strip-bom-1.0.0.tgz",
          "integrity": "sha1-hbiGLzhEtabV7IRnqTWYFzo295Q="
        },
        "through2": {
          "version": "0.6.5",
          "resolved": "https://registry.npmjs.org/through2/-/through2-0.6.5.tgz",
          "integrity": "sha1-QaucZ7KdVyCQcUEOHXp6lozTrUg="
        },
        "unique-stream": {
          "version": "2.2.1",
          "resolved": "https://registry.npmjs.org/unique-stream/-/unique-stream-2.2.1.tgz",
          "integrity": "sha1-WqADz76Uxf+GbE59ZouxxNuts2k="
        },
        "vinyl": {
          "version": "0.4.6",
          "resolved": "https://registry.npmjs.org/vinyl/-/vinyl-0.4.6.tgz",
          "integrity": "sha1-LzVsh6VQolVGHza76ypbqL94SEc="
        },
        "vinyl-fs": {
          "version": "1.0.0",
          "resolved": "https://registry.npmjs.org/vinyl-fs/-/vinyl-fs-1.0.0.tgz",
          "integrity": "sha1-0VdS5owtrXQ2Tn6FNHNzU1RpLt8="
        }
      }
    },
    "gulp-util": {
      "version": "3.0.8",
      "resolved": "https://registry.npmjs.org/gulp-util/-/gulp-util-3.0.8.tgz",
      "integrity": "sha1-AFTh50RQLifATBh8PsxQXdVLu08=",
      "dev": true,
      "dependencies": {
        "object-assign": {
          "version": "3.0.0",
          "resolved": "https://registry.npmjs.org/object-assign/-/object-assign-3.0.0.tgz",
          "integrity": "sha1-m+3VygiXlJvKR+f/QIBi1Un1h/I="
        }
      }
    },
    "gulp-zip": {
      "version": "3.2.0",
      "resolved": "https://registry.npmjs.org/gulp-zip/-/gulp-zip-3.2.0.tgz",
      "integrity": "sha1-69GY2ubcLV9E2BRWnI7EIRipPvk=",
      "dev": true
    },
    "http-proxy-middleware": {
      "version": "0.17.4",
      "resolved": "https://registry.npmjs.org/http-proxy-middleware/-/http-proxy-middleware-0.17.4.tgz",
      "integrity": "sha1-ZC6ISIUdZvCdTxJJEoRtuutBuDM=",
      "dev": true,
      "dependencies": {
        "http-proxy": {
          "version": "1.16.2",
          "resolved": "https://registry.npmjs.org/http-proxy/-/http-proxy-1.16.2.tgz",
          "integrity": "sha1-Bt/ykpUr9k2+hHH6nfcwZtTzd0I="
        },
        "is-extglob": {
          "version": "2.1.1",
          "resolved": "https://registry.npmjs.org/is-extglob/-/is-extglob-2.1.1.tgz",
          "integrity": "sha1-qIwCU1eR8C7TfHahueqXc8gz+MI="
        },
        "is-glob": {
          "version": "3.1.0",
          "resolved": "https://registry.npmjs.org/is-glob/-/is-glob-3.1.0.tgz",
          "integrity": "sha1-e6WuJCF4BKxwcHuWkiVnSGzD6Eo="
        }
      }
    },
    "lodash": {
      "version": "4.17.21",
      "resolved": "https://registry.npmjs.org/lodash/-/lodash-4.17.21.tgz",
      "integrity": "sha512-v2kDEe57lecTulaDIuNTPy3Ry4gLGJ6Z1O3vE1krgXZNrsQ+LFTGHVxVjcXPs17LhbZVGedAJv8XZ1tvj5FvSg==",
      "dev": true
    },
    "main-bower-files": {
      "version": "2.13.1",
      "resolved": "https://registry.npmjs.org/main-bower-files/-/main-bower-files-2.13.1.tgz",
      "integrity": "sha1-fhvFxJg1LM7NXfCH8T1fMbwFfT4=",
      "dev": true,
      "dependencies": {
        "extend": {
          "version": "2.0.1",
          "resolved": "https://registry.npmjs.org/extend/-/extend-2.0.1.tgz",
          "integrity": "sha1-HugBBonnOV/5RIJByYZSvHWagmA="
        },
        "glob": {
          "version": "5.0.15",
          "resolved": "https://registry.npmjs.org/glob/-/glob-5.0.15.tgz",
          "integrity": "sha1-G8k2ueAvSmA/zCIuz3Yz0wuLk7E="
        },
        "glob-parent": {
          "version": "3.1.0",
          "resolved": "https://registry.npmjs.org/glob-parent/-/glob-parent-3.1.0.tgz",
          "integrity": "sha1-nmr2KZ2NO9K9QEMIMr0RPfkGxa4="
        },
        "glob-stream": {
          "version": "5.3.5",
          "resolved": "https://registry.npmjs.org/glob-stream/-/glob-stream-5.3.5.tgz",
          "integrity": "sha1-pVZlqajM3EGRWofHAeMtTgFvrSI=",
          "dependencies": {
            "extend": {
              "version": "3.0.1",
              "resolved": "https://registry.npmjs.org/extend/-/extend-3.0.1.tgz",
              "integrity": "sha1-p1Xqe8Gt/MWjHOfnYtuq3F5jZEQ="
            },
            "readable-stream": {
              "version": "1.0.34",
              "resolved": "https://registry.npmjs.org/readable-stream/-/readable-stream-1.0.34.tgz",
              "integrity": "sha1-Elgg40vIQtLyqq+v5MKRbuMsFXw="
            },
            "through2": {
              "version": "0.6.5",
              "resolved": "https://registry.npmjs.org/through2/-/through2-0.6.5.tgz",
              "integrity": "sha1-QaucZ7KdVyCQcUEOHXp6lozTrUg="
            }
          }
        },
        "globby": {
          "version": "2.1.0",
          "resolved": "https://registry.npmjs.org/globby/-/globby-2.1.0.tgz",
          "integrity": "sha1-npGSvNM/Srak+JTl5+qLcTITxII="
        },
        "is-extglob": {
          "version": "2.1.1",
          "resolved": "https://registry.npmjs.org/is-extglob/-/is-extglob-2.1.1.tgz",
          "integrity": "sha1-qIwCU1eR8C7TfHahueqXc8gz+MI="
        },
        "is-glob": {
          "version": "3.1.0",
          "resolved": "https://registry.npmjs.org/is-glob/-/is-glob-3.1.0.tgz",
          "integrity": "sha1-e6WuJCF4BKxwcHuWkiVnSGzD6Eo="
        },
        "isarray": {
          "version": "0.0.1",
          "resolved": "https://registry.npmjs.org/isarray/-/isarray-0.0.1.tgz",
          "integrity": "sha1-ihis/Kmo9Bd+Cav8YDiTmwXR7t8="
        },
        "minimist": {
          "version": "0.0.8",
          "resolved": "https://registry.npmjs.org/minimist/-/minimist-0.0.8.tgz",
          "integrity": "sha1-hX/Kv8M5fSYluCKCYuhqp6ARsF0="
        },
        "mkdirp": {
          "version": "0.5.1",
          "resolved": "https://registry.npmjs.org/mkdirp/-/mkdirp-0.5.1.tgz",
          "integrity": "sha1-MAV0OOrGz3+MR2fzhkjWaX11yQM="
        },
        "object-assign": {
          "version": "3.0.0",
          "resolved": "https://registry.npmjs.org/object-assign/-/object-assign-3.0.0.tgz",
          "integrity": "sha1-m+3VygiXlJvKR+f/QIBi1Un1h/I="
        },
        "ordered-read-streams": {
          "version": "0.3.0",
          "resolved": "https://registry.npmjs.org/ordered-read-streams/-/ordered-read-streams-0.3.0.tgz",
          "integrity": "sha1-cTfmmzKYuzQiR6G77jiByA4v14s="
        },
        "path-exists": {
          "version": "1.0.0",
          "resolved": "https://registry.npmjs.org/path-exists/-/path-exists-1.0.0.tgz",
          "integrity": "sha1-1aiZjrce83p0w06w2eum6HjuoIE="
        },
        "string_decoder": {
          "version": "0.10.31",
          "resolved": "https://registry.npmjs.org/string_decoder/-/string_decoder-0.10.31.tgz",
          "integrity": "sha1-YuIDvEF2bGwoyfyEMB2rHFMQ+pQ="
        },
        "unique-stream": {
          "version": "2.2.1",
          "resolved": "https://registry.npmjs.org/unique-stream/-/unique-stream-2.2.1.tgz",
          "integrity": "sha1-WqADz76Uxf+GbE59ZouxxNuts2k="
        },
        "vinyl": {
          "version": "1.2.0",
          "resolved": "https://registry.npmjs.org/vinyl/-/vinyl-1.2.0.tgz",
          "integrity": "sha1-XIgDbPVl5d8FVYv8kR+GVt8hiIQ="
        },
        "vinyl-fs": {
          "version": "2.4.4",
          "resolved": "https://registry.npmjs.org/vinyl-fs/-/vinyl-fs-2.4.4.tgz",
          "integrity": "sha1-vm/zJwy1Xf19MGNkDegfJddTIjk=",
          "dependencies": {
            "object-assign": {
              "version": "4.1.1",
              "resolved": "https://registry.npmjs.org/object-assign/-/object-assign-4.1.1.tgz",
              "integrity": "sha1-IQmtx5ZYh8/AXLvUQsrIv7s2CGM="
            }
          }
        }
      }
    },
    "uglify-save-license": {
      "version": "0.4.1",
      "resolved": "https://registry.npmjs.org/uglify-save-license/-/uglify-save-license-0.4.1.tgz",
      "integrity": "sha1-lXJsF8xv0XHDYX479NjYKqjEzOE=",
      "dev": true
    },
    "wiredep": {
      "version": "4.0.0",
      "resolved": "https://registry.npmjs.org/wiredep/-/wiredep-4.0.0.tgz",
      "integrity": "sha1-7pVIqVBN/n6FQBpDXb7SybTqLkQ=",
      "dev": true
    },
    "wrench": {
      "version": "1.5.9",
      "resolved": "https://registry.npmjs.org/wrench/-/wrench-1.5.9.tgz",
      "integrity": "sha1-QRaRxjqbJTGxcAJnJ5veyiOyFCo=",
      "dev": true
    }
  }
}
